
Microsoft Visual Studio Solution File, Format Version 12.00
# Visual Studio Version 16
VisualStudioVersion = 16.0.28803.156
MinimumVisualStudioVersion = 10.0.40219.1
Project("{FAE04EC0-301F-11D3-BF4B-00C04F79EFBC}") = "Puc.Autenticacao", "Puc.Autenticacao\Puc.Autenticacao.csproj", "{4881F01B-8532-4D95-98AA-A6A47107A464}"
EndProject
Project("{FAE04EC0-301F-11D3-BF4B-00C04F79EFBC}") = "Puc.Autenticacao.Tests", "Puc.Autenticacao.Tests\Puc.Autenticacao.Tests.csproj", "{C8F20001-1C1B-4ABF-832F-7C8E8D9D534A}"
EndProject
Global
	GlobalSection(SolutionConfigurationPlatforms) = preSolution
		Debug|Any CPU = Debug|Any CPU
		Release|Any CPU = Release|Any CPU
	EndGlobalSection
	GlobalSection(ProjectConfigurationPlatforms) = postSolution
		{4881F01B-8532-4D95-98AA-A6A47107A464}.Debug|Any CPU.ActiveCfg = Debug|Any CPU
		{4881F01B-8532-4D95-98AA-A6A47107A464}.Debug|Any CPU.Build.0 = Debug|Any CPU
		{4881F01B-8532-4D95-98AA-A6A47107A464}.Release|Any CPU.ActiveCfg = Release|Any CPU
		{4881F01B-8532-4D95-98AA-A6A47107A464}.Release|Any CPU.Build.0 = Release|Any CPU
		{C8F20001-1C1B-4ABF-832F-7C8E8D9D534A}.Debug|Any CPU.ActiveCfg = Debug|Any CPU
		{C8F20001-1C1B-4ABF-832F-7C8E8D9D534A}.Debug|Any CPU.Build.0 = Debug|Any CPU
		{C8F20001-1C1B-4ABF-832F-7C8E8D9D534A}.Release|Any CPU.ActiveCfg = Release|Any CPU
		{C8F20001-1C1B-4ABF-832F-7C8E8D9D534A}.Release|Any CPU.Build.0 = Release|Any CPU
	EndGlobalSection
	GlobalSection(SolutionProperties) = preSolution
		HideSolutionNode = FALSE
	EndGlobalSection
	GlobalSection(ExtensibilityGlobals) = postSolution
		SolutionGuid = {0D8DED7B-622B-4118-ADDB-05DCD5ABA5FF}
	EndGlobalSection
EndGlobal
